version = 1
revision = 3
requires-python = "==3.12.*"

[[package]]
name = "amp-consolidated"
version = "1.1.0"
source = { editable = "." }
dependencies = [
    { name = "numpy" },
    { name = "rapidfuzz" },
    { name = "threadpoolctl" },
]

[package.metadata]
requires-dist = [
    { name = "numpy", specifier = "==2.4.3" },
    { name = "rapidfuzz", specifier = "==3.14.3" },
    { name = "threadpoolctl", specifier = "==3.6.0" },
]

[[package]]
name = "numpy"
version = "2.4.3"
source = { registry = "https://pypi.org/simple" }
sdist = { url = "https://files.pythonhosted.org/packages/10/8b/c265f4823726ab832de836cdd184d0986dcf94480f81e8739692a7ac7af2/numpy-2.4.3.tar.gz", hash = "sha256:483a201202b73495f00dbc83796c6ae63137a9bdade074f7648b3e32613412dd", size = 20727743, upload-time = "2026-03-09T07:58:53.426Z" }
wheels = [
    { url = "https://files.pythonhosted.org/packages/a9/ed/6388632536f9788cea23a3a1b629f25b43eaacd7d7377e5d6bc7b9deb69b/numpy-2.4.3-cp312-cp312-macosx_10_13_x86_64.whl", hash = "sha256:61b0cbabbb6126c8df63b9a3a0c4b1f44ebca5e12ff6997b80fcf267fb3150ef", size = 16669628, upload-time = "2026-03-09T07:56:24.252Z" },
    { url = "https://files.pythonhosted.org/packages/74/1b/ee2abfc68e1ce728b2958b6ba831d65c62e1b13ce3017c13943f8f9b5b2e/numpy-2.4.3-cp312-cp312-macosx_11_0_arm64.whl", hash = "sha256:7395e69ff32526710748f92cd8c9849b361830968ea3e24a676f272653e8983e", size = 14696872, upload-time = "2026-03-09T07:56:26.991Z" },
    { url = "https://files.pythonhosted.org/packages/ba/d1/780400e915ff5638166f11ca9dc2c5815189f3d7cf6f8759a1685e586413/numpy-2.4.3-cp312-cp312-macosx_14_0_arm64.whl", hash = "sha256:abdce0f71dcb4a00e4e77f3faf05e4616ceccfe72ccaa07f47ee79cda3b7b0f4", size = 5203489, upload-time = "2026-03-09T07:56:29.414Z" },
    { url = "https://files.pythonhosted.org/packages/0b/bb/baffa907e9da4cc34a6e556d6d90e032f6d7a75ea47968ea92b4858826c4/numpy-2.4.3-cp312-cp312-macosx_14_0_x86_64.whl", hash = "sha256:48da3a4ee1336454b07497ff7ec83903efa5505792c4e6d9bf83d99dc07a1e18", size = 6550814, upload-time = "2026-03-09T07:56:32.225Z" },
    { url = "https://files.pythonhosted.org/packages/7b/12/8c9f0c6c95f76aeb20fc4a699c33e9f827fa0d0f857747c73bb7b17af945/numpy-2.4.3-cp312-cp312-manylinux_2_27_aarch64.manylinux_2_28_aarch64.whl", hash = "sha256:32e3bef222ad6b052280311d1d60db8e259e4947052c3ae7dd6817451fc8a4c5", size = 15666601, upload-time = "2026-03-09T07:56:34.461Z" },
    { url = "https://files.pythonhosted.org/packages/bd/79/cc665495e4d57d0aa6fbcc0aa57aa82671dfc78fbf95fe733ed86d98f52a/numpy-2.4.3-cp312-cp312-manylinux_2_27_x86_64.manylinux_2_28_x86_64.whl", hash = "sha256:e7dd01a46700b1967487141a66ac1a3cf0dd8ebf1f08db37d46389401512ca97", size = 16621358, upload-time = "2026-03-09T07:56:36.852Z" },
    { url = "https://files.pythonhosted.org/packages/a8/40/b4ecb7224af1065c3539f5ecfff879d090de09608ad1008f02c05c770cb3/numpy-2.4.3-cp312-cp312-musllinux_1_2_aarch64.whl", hash = "sha256:76f0f283506c28b12bba319c0fab98217e9f9b54e6160e9c79e9f7348ba32e9c", size = 17016135, upload-time = "2026-03-09T07:56:39.337Z" },
    { url = "https://files.pythonhosted.org/packages/f7/b1/6a88e888052eed951afed7a142dcdf3b149a030ca59b4c71eef085858e43/numpy-2.4.3-cp312-cp312-musllinux_1_2_x86_64.whl", hash = "sha256:737f630a337364665aba3b5a77e56a68cc42d350edd010c345d65a3efa3addcc", size = 18345816, upload-time = "2026-03-09T07:56:42.31Z" },
    { url = "https://files.pythonhosted.org/packages/f3/8f/103a60c5f8c3d7fc678c19cd7b2476110da689ccb80bc18050efbaeae183/numpy-2.4.3-cp312-cp312-win32.whl", hash = "sha256:26952e18d82a1dbbc2f008d402021baa8d6fc8e84347a2072a25e08b46d698b9", size = 5960132, upload-time = "2026-03-09T07:56:44.851Z" },
    { url = "https://files.pythonhosted.org/packages/d7/7c/f5ee1bf6ed888494978046a809df2882aad35d414b622893322df7286879/numpy-2.4.3-cp312-cp312-win_amd64.whl", hash = "sha256:65f3c2455188f09678355f5cae1f959a06b778bc66d535da07bf2ef20cd319d5", size = 12316144, upload-time = "2026-03-09T07:56:47.057Z" },
    { url = "https://files.pythonhosted.org/packages/71/46/8d1cb3f7a00f2fb6394140e7e6623696e54c6318a9d9691bb4904672cf42/numpy-2.4.3-cp312-cp312-win_arm64.whl", hash = "sha256:2abad5c7fef172b3377502bde47892439bae394a71bc329f31df0fd829b41a9e", size = 10220364, upload-time = "2026-03-09T07:56:49.849Z" },
]

[[package]]
name = "rapidfuzz"
version = "3.14.3"
source = { registry = "https://pypi.org/simple" }
sdist = { url = "https://files.pythonhosted.org/packages/d3/28/9d808fe62375b9aab5ba92fa9b29371297b067c2790b2d7cda648b1e2f8d/rapidfuzz-3.14.3.tar.gz", hash = "sha256:2491937177868bc4b1e469087601d53f925e8d270ccc21e07404b4b5814b7b5f", size = 57863900, upload-time = "2025-11-01T11:54:52.321Z" }
wheels = [
    { url = "https://files.pythonhosted.org/packages/fa/8e/3c215e860b458cfbedb3ed73bc72e98eb7e0ed72f6b48099604a7a3260c2/rapidfuzz-3.14.3-cp312-cp312-macosx_10_13_x86_64.whl", hash = "sha256:685c93ea961d135893b5984a5a9851637d23767feabe414ec974f43babbd8226", size = 1945306, upload-time = "2025-11-01T11:53:06.452Z" },
    { url = "https://files.pythonhosted.org/packages/36/d9/31b33512015c899f4a6e6af64df8dfe8acddf4c8b40a4b3e0e6e1bcd00e5/rapidfuzz-3.14.3-cp312-cp312-macosx_11_0_arm64.whl", hash = "sha256:fa7c8f26f009f8c673fbfb443792f0cf8cf50c4e18121ff1e285b5e08a94fbdb", size = 1390788, upload-time = "2025-11-01T11:53:08.721Z" },
    { url = "https://files.pythonhosted.org/packages/a9/67/2ee6f8de6e2081ccd560a571d9c9063184fe467f484a17fa90311a7f4a2e/rapidfuzz-3.14.3-cp312-cp312-manylinux_2_26_aarch64.manylinux_2_28_aarch64.whl", hash = "sha256:57f878330c8d361b2ce76cebb8e3e1dc827293b6abf404e67d53260d27b5d941", size = 1374580, upload-time = "2025-11-01T11:53:10.164Z" },
    { url = "https://files.pythonhosted.org/packages/30/83/80d22997acd928eda7deadc19ccd15883904622396d6571e935993e0453a/rapidfuzz-3.14.3-cp312-cp312-manylinux_2_27_x86_64.manylinux_2_28_x86_64.whl", hash = "sha256:6c5f545f454871e6af05753a0172849c82feaf0f521c5ca62ba09e1b382d6382", size = 3154947, upload-time = "2025-11-01T11:53:12.093Z" },
    { url = "https://files.pythonhosted.org/packages/5b/cf/9f49831085a16384695f9fb096b99662f589e30b89b4a589a1ebc1a19d34/rapidfuzz-3.14.3-cp312-cp312-manylinux_2_31_armv7l.whl", hash = "sha256:07aa0b5d8863e3151e05026a28e0d924accf0a7a3b605da978f0359bb804df43", size = 1223872, upload-time = "2025-11-01T11:53:13.664Z" },
    { url = "https://files.pythonhosted.org/packages/c8/0f/41ee8034e744b871c2e071ef0d360686f5ccfe5659f4fd96c3ec406b3c8b/rapidfuzz-3.14.3-cp312-cp312-musllinux_1_2_aarch64.whl", hash = "sha256:73b07566bc7e010e7b5bd490fb04bb312e820970180df6b5655e9e6224c137db", size = 2392512, upload-time = "2025-11-01T11:53:15.109Z" },
    { url = "https://files.pythonhosted.org/packages/da/86/280038b6b0c2ccec54fb957c732ad6b41cc1fd03b288d76545b9cf98343f/rapidfuzz-3.14.3-cp312-cp312-musllinux_1_2_armv7l.whl", hash = "sha256:6de00eb84c71476af7d3110cf25d8fe7c792d7f5fa86764ef0b4ca97e78ca3ed", size = 2521398, upload-time = "2025-11-01T11:53:17.146Z" },
    { url = "https://files.pythonhosted.org/packages/fa/7b/05c26f939607dca0006505e3216248ae2de631e39ef94dd63dbbf0860021/rapidfuzz-3.14.3-cp312-cp312-musllinux_1_2_x86_64.whl", hash = "sha256:d7843a1abf0091773a530636fdd2a49a41bcae22f9910b86b4f903e76ddc82dc", size = 4259416, upload-time = "2025-11-01T11:53:19.34Z" },
    { url = "https://files.pythonhosted.org/packages/40/eb/9e3af4103d91788f81111af1b54a28de347cdbed8eaa6c91d5e98a889aab/rapidfuzz-3.14.3-cp312-cp312-win32.whl", hash = "sha256:dea97ac3ca18cd3ba8f3d04b5c1fe4aa60e58e8d9b7793d3bd595fdb04128d7a", size = 1709527, upload-time = "2025-11-01T11:53:20.949Z" },
    { url = "https://files.pythonhosted.org/packages/b8/63/d06ecce90e2cf1747e29aeab9f823d21e5877a4c51b79720b2d3be7848f8/rapidfuzz-3.14.3-cp312-cp312-win_amd64.whl", hash = "sha256:b5100fd6bcee4d27f28f4e0a1c6b5127bc8ba7c2a9959cad9eab0bf4a7ab3329", size = 1538989, upload-time = "2025-11-01T11:53:22.428Z" },
    { url = "https://files.pythonhosted.org/packages/fc/6d/beee32dcda64af8128aab3ace2ccb33d797ed58c434c6419eea015fec779/rapidfuzz-3.14.3-cp312-cp312-win_arm64.whl", hash = "sha256:4e49c9e992bc5fc873bd0fff7ef16a4405130ec42f2ce3d2b735ba5d3d4eb70f", size = 811161, upload-time = "2025-11-01T11:53:23.811Z" },
]

[[package]]
name = "threadpoolctl"
version = "3.6.0"
source = { registry = "https://pypi.org/simple" }
sdist = { url = "https://files.pythonhosted.org/packages/b7/4d/08c89e34946fce2aec4fbb45c9016efd5f4d7f24af8e5d93296e935631d8/threadpoolctl-3.6.0.tar.gz", hash = "sha256:8ab8b4aa3491d812b623328249fab5302a68d2d71745c8a4c719a2fcaba9f44e", size = 21274, upload-time = "2025-03-13T13:49:23.031Z" }
wheels = [
    { url = "https://files.pythonhosted.org/packages/32/d5/f9a850d79b0851d1d4ef6456097579a9005b31fea68726a4ae5f2d82ddd9/threadpoolctl-3.6.0-py3-none-any.whl", hash = "sha256:43a0b8fd5a2928500110039e43a5eed8480b918967083ea48dc3ab9f13c4a7fb", size = 18638, upload-time = "2025-03-13T13:49:21.846Z" },
]
